{
  "version": 4,
  "terraform_version": "1.14.8",
  "serial": 53,
  "lineage": "cf106b95-32a8-1f2b-d03a-f2c8e867a5e1",
  "outputs": {
    "acm_certificate_arn": {
      "value": "arn:aws:acm:us-east-1:886601940523:certificate/4d3d6efd-78f7-434c-960f-f55632393f67",
      "type": "string"
    },
    "acm_certificate_domain": {
      "value": "*.openspacenexus.store",
      "type": "string"
    },
    "hosted_zone_id": {
      "value": "Z02688311L741VWL57SFO",
      "type": "string"
    },
    "hosted_zone_name": {
      "value": "openspacenexus.store",
      "type": "string"
    },
    "s3_bucket_arn": {
      "value": "arn:aws:s3:::hello.openspacenexus.store",
      "type": "string"
    },
    "s3_bucket_name": {
      "value": "hello.openspacenexus.store",
      "type": "string"
    },
    "s3_bucket_regional_domain_name": {
      "value": "hello.openspacenexus.store.s3.us-east-1.amazonaws.com",
      "type": "string"
    },
    "site_url": {
      "value": "https://hello.openspacenexus.store",
      "type": "string"
    }
  },
  "resources": [
    {
      "mode": "data",
      "type": "aws_route53_zone",
      "name": "this",
      "provider": "provider[\"registry.terraform.io/hashicorp/aws\"]",
      "instances": [
        {
          "schema_version": 0,
          "attributes": {
            "arn": "arn:aws:route53:::hostedzone/Z02688311L741VWL57SFO",
            "caller_reference": "9ffd7262-80a0-44d9-b2a5-7c4a868a7132",
            "comment": "",
            "enable_accelerated_recovery": false,
            "id": "Z02688311L741VWL57SFO",
            "linked_service_description": null,
            "linked_service_principal": null,
            "name": "openspacenexus.store",
            "name_servers": [
              "ns-1888.awsdns-44.co.uk",
              "ns-1327.awsdns-37.org",
              "ns-401.awsdns-50.com",
              "ns-713.awsdns-25.net"
            ],
            "primary_name_server": "ns-1888.awsdns-44.co.uk",
            "private_zone": false,
            "resource_record_set_count": 2,
            "tags": {},
            "vpc_id": null,
            "zone_id": "Z02688311L741VWL57SFO"
          },
          "sensitive_attributes": [],
          "identity_schema_version": 0
        }
      ]
    },
    {
      "mode": "managed",
      "type": "aws_acm_certificate",
      "name": "site",
      "provider": "provider[\"registry.terraform.io/hashicorp/aws\"].us_east_1",
      "instances": [
        {
          "schema_version": 0,
          "attributes": {
            "arn": "arn:aws:acm:us-east-1:886601940523:certificate/4d3d6efd-78f7-434c-960f-f55632393f67",
            "certificate_authority_arn": "",
            "certificate_body": null,
            "certificate_chain": null,
            "domain_name": "*.openspacenexus.store",
            "domain_validation_options": [
              {
                "domain_name": "*.openspacenexus.store",
                "resource_record_name": "_c22485ae7a54e3571cef21121dd6f1c7.openspacenexus.store.",
                "resource_record_type": "CNAME",
                "resource_record_value": "_dcbd9bfab3256f1d28ff76490570198d.jkddzztszm.acm-validations.aws."
              },
              {
                "domain_name": "openspacenexus.store",
                "resource_record_name": "_c22485ae7a54e3571cef21121dd6f1c7.openspacenexus.store.",
                "resource_record_type": "CNAME",
                "resource_record_value": "_dcbd9bfab3256f1d28ff76490570198d.jkddzztszm.acm-validations.aws."
              }
            ],
            "early_renewal_duration": "",
            "id": "arn:aws:acm:us-east-1:886601940523:certificate/4d3d6efd-78f7-434c-960f-f55632393f67",
            "key_algorithm": "RSA_2048",
            "not_after": "",
            "not_before": "",
            "options": [
              {
                "certificate_transparency_logging_preference": "ENABLED",
                "export": "DISABLED"
              }
            ],
            "pending_renewal": false,
            "private_key": null,
            "region": "us-east-1",
            "renewal_eligibility": "INELIGIBLE",
            "renewal_summary": [],
            "status": "PENDING_VALIDATION",
            "subject_alternative_names": [
              "*.openspacenexus.store",
              "openspacenexus.store"
            ],
            "tags": {},
            "tags_all": {},
            "type": "AMAZON_ISSUED",
            "validation_emails": [],
            "validation_method": "DNS",
            "validation_option": []
          },
          "sensitive_attributes": [
            [
              {
                "type": "get_attr",
                "value": "private_key"
              }
            ]
          ],
          "identity_schema_version": 0,
          "identity": {
            "arn": "arn:aws:acm:us-east-1:886601940523:certificate/4d3d6efd-78f7-434c-960f-f55632393f67"
          },
          "private": "bnVsbA==",
          "create_before_destroy": true
        }
      ]
    },
    {
      "mode": "managed",
      "type": "aws_cloudfront_origin_access_control",
      "name": "site",
      "provider": "provider[\"registry.terraform.io/hashicorp/aws\"]",
      "instances": [
        {
          "schema_version": 0,
          "attributes": {
            "arn": "arn:aws:cloudfront::886601940523:origin-access-control/E5UJJI9I4X1WR",
            "description": "OAC for hello.openspacenexus.store",
            "etag": "ETVPDKIKX0DER",
            "id": "E5UJJI9I4X1WR",
            "name": "hello-world-static-site-oac",
            "origin_access_control_origin_type": "s3",
            "signing_behavior": "always",
            "signing_protocol": "sigv4"
          },
          "sensitive_attributes": [],
          "identity_schema_version": 0,
          "private": "bnVsbA=="
        }
      ]
    },
    {
      "mode": "managed",
      "type": "aws_route53_record",
      "name": "site_cert_validation",
      "provider": "provider[\"registry.terraform.io/hashicorp/aws\"]",
      "instances": [
        {
          "index_key": "*.openspacenexus.store",
          "schema_version": 2,
          "attributes": {
            "alias": [],
            "allow_overwrite": null,
            "cidr_routing_policy": [],
            "failover_routing_policy": [],
            "fqdn": "_c22485ae7a54e3571cef21121dd6f1c7.openspacenexus.store",
            "geolocation_routing_policy": [],
            "geoproximity_routing_policy": [],
            "health_check_id": "",
            "id": "Z02688311L741VWL57SFO__c22485ae7a54e3571cef21121dd6f1c7.openspacenexus.store._CNAME",
            "latency_routing_policy": [],
            "multivalue_answer_routing_policy": false,
            "name": "_c22485ae7a54e3571cef21121dd6f1c7.openspacenexus.store",
            "records": [
              "_dcbd9bfab3256f1d28ff76490570198d.jkddzztszm.acm-validations.aws."
            ],
            "set_identifier": "",
            "timeouts": null,
            "ttl": 60,
            "type": "CNAME",
            "weighted_routing_policy": [],
            "zone_id": "Z02688311L741VWL57SFO"
          },
          "sensitive_attributes": [],
          "identity_schema_version": 0,
          "identity": {
            "account_id": "886601940523",
            "name": "_c22485ae7a54e3571cef21121dd6f1c7.openspacenexus.store.",
            "set_identifier": null,
            "type": "CNAME",
            "zone_id": "Z02688311L741VWL57SFO"
          },
          "private": "eyJlMmJmYjczMC1lY2FhLTExZTYtOGY4OC0zNDM2M2JjN2M0YzAiOnsiY3JlYXRlIjoxODAwMDAwMDAwMDAwLCJkZWxldGUiOjE4MDAwMDAwMDAwMDAsInVwZGF0ZSI6MTgwMDAwMDAwMDAwMH0sInNjaGVtYV92ZXJzaW9uIjoiMiJ9",
          "dependencies": [
            "aws_acm_certificate.site",
            "data.aws_route53_zone.this"
          ]
        }
      ]
    },
    {
      "mode": "managed",
      "type": "aws_s3_bucket",
      "name": "site",
      "provider": "provider[\"registry.terraform.io/hashicorp/aws\"]",
      "instances": [
        {
          "schema_version": 0,
          "attributes": {
            "acceleration_status": "",
            "acl": null,
            "arn": "arn:aws:s3:::hello.openspacenexus.store",
            "bucket": "hello.openspacenexus.store",
            "bucket_domain_name": "hello.openspacenexus.store.s3.amazonaws.com",
            "bucket_namespace": "global",
            "bucket_prefix": "",
            "bucket_region": "us-east-1",
            "bucket_regional_domain_name": "hello.openspacenexus.store.s3.us-east-1.amazonaws.com",
            "cors_rule": [],
            "force_destroy": false,
            "grant": [
              {
                "id": "86777069aa0986aebf07c00ee9ccf612ce574315a44630c89cc314707bf2eb20",
                "permissions": [
                  "FULL_CONTROL"
                ],
                "type": "CanonicalUser",
                "uri": ""
              }
            ],
            "hosted_zone_id": "Z3AQBSTGFYJSTF",
            "id": "hello.openspacenexus.store",
            "lifecycle_rule": [],
            "logging": [],
            "object_lock_configuration": [],
            "object_lock_enabled": false,
            "policy": "",
            "region": "us-east-1",
            "replication_configuration": [],
            "request_payer": "BucketOwner",
            "server_side_encryption_configuration": [
              {
                "rule": [
                  {
                    "apply_server_side_encryption_by_default": [
                      {
                        "kms_master_key_id": "",
                        "sse_algorithm": "AES256"
                      }
                    ],
                    "bucket_key_enabled": false
                  }
                ]
              }
            ],
            "tags": {},
            "tags_all": {},
            "timeouts": null,
            "versioning": [
              {
                "enabled": true,
                "mfa_delete": false
              }
            ],
            "website": [],
            "website_domain": null,
            "website_endpoint": null
          },
          "sensitive_attributes": [],
          "identity_schema_version": 0,
          "identity": {
            "account_id": "886601940523",
            "bucket": "hello.openspacenexus.store",
            "region": "us-east-1"
          },
          "private": "eyJlMmJmYjczMC1lY2FhLTExZTYtOGY4OC0zNDM2M2JjN2M0YzAiOnsiY3JlYXRlIjoxMjAwMDAwMDAwMDAwLCJkZWxldGUiOjM2MDAwMDAwMDAwMDAsInJlYWQiOjEyMDAwMDAwMDAwMDAsInVwZGF0ZSI6MTIwMDAwMDAwMDAwMH19"
        }
      ]
    },
    {
      "mode": "managed",
      "type": "aws_s3_bucket_ownership_controls",
      "name": "site",
      "provider": "provider[\"registry.terraform.io/hashicorp/aws\"]",
      "instances": [
        {
          "schema_version": 0,
          "attributes": {
            "bucket": "hello.openspacenexus.store",
            "id": "hello.openspacenexus.store",
            "region": "us-east-1",
            "rule": [
              {
                "object_ownership": "BucketOwnerEnforced"
              }
            ]
          },
          "sensitive_attributes": [],
          "identity_schema_version": 0,
          "identity": {
            "account_id": "886601940523",
            "bucket": "hello.openspacenexus.store",
            "region": "us-east-1"
          },
          "private": "bnVsbA==",
          "dependencies": [
            "aws_s3_bucket.site"
          ]
        }
      ]
    },
    {
      "mode": "managed",
      "type": "aws_s3_bucket_public_access_block",
      "name": "site",
      "provider": "provider[\"registry.terraform.io/hashicorp/aws\"]",
      "instances": [
        {
          "schema_version": 0,
          "attributes": {
            "block_public_acls": true,
            "block_public_policy": true,
            "bucket": "hello.openspacenexus.store",
            "id": "hello.openspacenexus.store",
            "ignore_public_acls": true,
            "region": "us-east-1",
            "restrict_public_buckets": true,
            "skip_destroy": null
          },
          "sensitive_attributes": [],
          "identity_schema_version": 0,
          "identity": {
            "account_id": "886601940523",
            "bucket": "hello.openspacenexus.store",
            "region": "us-east-1"
          },
          "private": "bnVsbA==",
          "dependencies": [
            "aws_s3_bucket.site"
          ]
        }
      ]
    },
    {
      "mode": "managed",
      "type": "aws_s3_bucket_server_side_encryption_configuration",
      "name": "site",
      "provider": "provider[\"registry.terraform.io/hashicorp/aws\"]",
      "instances": [
        {
          "schema_version": 0,
          "attributes": {
            "bucket": "hello.openspacenexus.store",
            "expected_bucket_owner": "",
            "id": "hello.openspacenexus.store",
            "region": "us-east-1",
            "rule": [
              {
                "apply_server_side_encryption_by_default": [
                  {
                    "kms_master_key_id": "",
                    "sse_algorithm": "AES256"
                  }
                ],
                "blocked_encryption_types": [],
                "bucket_key_enabled": null
              }
            ]
          },
          "sensitive_attributes": [],
          "identity_schema_version": 1,
          "identity": {
            "account_id": "886601940523",
            "bucket": "hello.openspacenexus.store",
            "region": "us-east-1"
          },
          "private": "bnVsbA==",
          "dependencies": [
            "aws_s3_bucket.site"
          ]
        }
      ]
    },
    {
      "mode": "managed",
      "type": "aws_s3_bucket_versioning",
      "name": "site",
      "provider": "provider[\"registry.terraform.io/hashicorp/aws\"]",
      "instances": [
        {
          "schema_version": 0,
          "attributes": {
            "bucket": "hello.openspacenexus.store",
            "expected_bucket_owner": "",
            "id": "hello.openspacenexus.store",
            "mfa": null,
            "region": "us-east-1",
            "versioning_configuration": [
              {
                "mfa_delete": "",
                "status": "Enabled"
              }
            ]
          },
          "sensitive_attributes": [],
          "identity_schema_version": 1,
          "identity": {
            "account_id": "886601940523",
            "bucket": "hello.openspacenexus.store",
            "region": "us-east-1"
          },
          "private": "bnVsbA==",
          "dependencies": [
            "aws_s3_bucket.site"
          ]
        }
      ]
    }
  ],
  "check_results": null
}
